Microsoft Visual Studio Solution File, Format Version 12.00
# Visual Studio 14
VisualStudioVersion = 14.0.25420.1
MinimumVisualStudioVersion = 10.0.40219.1
Project("{F184B08F-C81C-45F6-A57F-5ABD9991F28F}") = "GettingStarted3", "GettingStarted3\GettingStarted3.vbproj", "{CC5DE9B3-EF34-4A5D-A512-8E962299C34F}"
EndProject
Global
	GlobalSection(SolutionConfigurationPlatforms) = preSolution
		Debug|Any CPU = Debug|Any CPU
		Release|Any CPU = Release|Any CPU
	EndGlobalSection
	GlobalSection(ProjectConfigurationPlatforms) = postSolution
		{CC5DE9B3-EF34-4A5D-A512-8E962299C34F}.Debug|Any CPU.ActiveCfg = Debug|Any CPU
		{CC5DE9B3-EF34-4A5D-A512-8E962299C34F}.Debug|Any CPU.Build.0 = Debug|Any CPU
		{CC5DE9B3-EF34-4A5D-A512-8E962299C34F}.Release|Any CPU.ActiveCfg = Release|Any CPU
		{CC5DE9B3-EF34-4A5D-A512-8E962299C34F}.Release|Any CPU.Build.0 = Release|Any CPU
	EndGlobalSection
	GlobalSection(SolutionProperties) = preSolution
		HideSolutionNode = FALSE
	EndGlobalSection
EndGlobal
